// !$*UTF8*$!
{
	archiveVersion = 1;
	classes = {
	};
	objectVersion = 46;
	objects = {

/* Begin PBXBuildFile section */
		6D7448101DB83B520002222F /* AppDelegate.swift in Sources */ = {isa = PBXBuildFile; fileRef = 6D74480F1DB83B520002222F /* AppDelegate.swift */; };
		6D7448121DB83B520002222F /* ViewController.swift in Sources */ = {isa = PBXBuildFile; fileRef = 6D7448111DB83B520002222F /* ViewController.swift */; };
		6D7448151DB83B520002222F /* Main.storyboard in Resources */ = {isa = PBXBuildFile; fileRef = 6D7448131DB83B520002222F /* Main.storyboard */; };
		6D7448171DB83B520002222F /* Assets.xcassets in Resources */ = {isa = PBXBuildFile; fileRef = 6D7448161DB83B520002222F /* Assets.xcassets */; };
		6D74481A1DB83B520002222F /* LaunchScreen.storyboard in Resources */ = {isa = PBXBuildFile; fileRef = 6D7448181DB83B520002222F /* LaunchScreen.storyboard */; };
/* End PBXBuildFile section */

/* Begin PBXFileReference section */
		6D74480C1DB83B520002222F /* AlbumViewer.app */ = {isa = PBXFileReference; explicitFileType = wrapper.application; includeInIndex = 0; path = AlbumViewer.app; sourceTree = BUILT_PRODUCTS_DIR; };
		6D74480F1DB83B520002222F /* AppDelegate.swift */ = {isa = PBXFileReference; lastKnownFileType = sourcecode.swift; path = AppDelegate.swift; sourceTree = "<group>"; };
		6D7448111DB83B520002222F /* ViewController.swift */ = {isa = PBXFileReference; lastKnownFileType = sourcecode.swift; path = ViewController.swift; sourceTree = "<group>"; };
		6D7448141DB83B520002222F /* Base */ = {isa = PBXFileReference; lastKnownFileType = file.storyboard; name = Base; path = Base.lproj/Main.storyboard; sourceTree = "<group>"; };
		6D7448161DB83B520002222F /* Assets.xcassets */ = {isa = PBXFileReference; lastKnownFileType = folder.assetcatalog; path = Assets.xcassets; sourceTree = "<group>"; };
		6D7448191DB83B520002222F /* Base */ = {isa = PBXFileReference; lastKnownFileType = file.storyboard; name = Base; path = Base.lproj/LaunchScreen.storyboard; sourceTree = "<group>"; };
		6D74481B1DB83B520002222F /* Info.plist */ = {isa = PBXFileReference; lastKnownFileType = text.plist.xml; path = Info.plist; sourceTree = "<group>"; };
/* End PBXFileReference section */

/* Begin PBXFrameworksBuildPhase section */
		6D7448091DB83B520002222F /* Frameworks */ = {
			isa = PBXFrameworksBuildPhase;
			buildActionMask = 2147483647;
			files = (
			);
			runOnlyForDeploymentPostprocessing = 0;
		};
/* End PBXFrameworksBuildPhase section */

/* Begin PBXGroup section */
		6D7448031DB83B520002222F = {
			isa = PBXGroup;
			children = (
				6D74480E1DB83B520002222F /* AlbumViewer */,
				6D74480D1DB83B520002222F /* Products */,
			);
			sourceTree = "<group>";
		};
		6D74480D1DB83B520002222F /* Products */ = {
			isa = PBXGroup;
			children = (
				6D74480C1DB83B520002222F /* AlbumViewer.app */,
			);
			name = Products;
			sourceTree = "<group>";
		};
		6D74480E1DB83B520002222F /* AlbumViewer */ = {
			isa = PBXGroup;
			children = (
				6D74480F1DB83B520002222F /* AppDelegate.swift */,
				6D7448111DB83B520002222F /* ViewController.swift */,
				6D7448131DB83B520002222F /* Main.storyboard */,
				6D7448161DB83B520002222F /* Assets.xcassets */,
				6D7448181DB83B520002222F /* LaunchScreen.storyboard */,
				6D74481B1DB83B520002222F /* Info.plist */,
			);
			path = AlbumViewer;
			sourceTree = "<group>";
		};
/* End PBXGroup section */

/* Begin PBXNativeTarget section */
		6D74480B1DB83B520002222F /* AlbumViewer */ = {
			isa = PBXNativeTarget;
			buildConfigurationList = 6D74481E1DB83B520002222F /* Build configuration list for PBXNativeTarget "AlbumViewer" */;
			buildPhases = (
				6D7448081DB83B520002222F /* Sources */,
				6D7448091DB83B520002222F /* Frameworks */,
				6D74480A1DB83B520002222F /* Resources */,
			);
			buildRules = (
			);
			dependencies = (
			);
			name = AlbumViewer;
			productName = AlbumViewer;
			productReference = 6D74480C1DB83B520002222F /* AlbumViewer.app */;
			productType = "com.apple.product-type.application";
		};
/* End PBXNativeTarget section */

/* Begin PBXProject section */
		6D7448041DB83B520002222F /* Project object */ = {
			isa = PBXProject;
			attributes = {
				LastSwiftUpdateCheck = 0800;
				LastUpgradeCheck = 0800;
				TargetAttributes = {
					6D74480B1DB83B520002222F = {
						CreatedOnToolsVersion = 8.0;
						DevelopmentTeam = U4798HARBV;
						ProvisioningStyle = Automatic;
					};
				};
			};
			buildConfigurationList = 6D7448071DB83B520002222F /* Build configuration list for PBXProject "AlbumViewer" */;
			compatibilityVersion = "Xcode 3.2";
			developmentRegion = English;
			hasScannedForEncodings = 0;
			knownRegions = (
				en,
				Base,
			);
			mainGroup = 6D7448031DB83B520002222F;
			productRefGroup = 6D74480D1DB83B520002222F /* Products */;
			projectDirPath = "";
			projectRoot = "";
			targets = (
				6D74480B1DB83B520002222F /* AlbumViewer */,
			);
		};
/* End PBXProject section */

/* Begin PBXResourcesBuildPhase section */
		6D74480A1DB83B520002222F /* Resources */ = {
			isa = PBXResourcesBuildPhase;
			buildActionMask = 2147483647;
			files = (
				6D74481A1DB83B520002222F /* LaunchScreen.storyboard in Resources */,
				6D7448171DB83B520002222F /* Assets.xcassets in Resources */,
				6D7448151DB83B520002222F /* Main.storyboard in Resources */,
			);
			runOnlyForDeploymentPostprocessing = 0;
		};
/* End PBXResourcesBuildPhase section */

/* Begin PBXSourcesBuildPhase section */
		6D7448081DB83B520002222F /* Sources */ = {
			isa = PBXSourcesBuildPhase;
			buildActionMask = 2147483647;
			files = (
				6D7448121DB83B520002222F /* ViewController.swift in Sources */,
				6D7448101DB83B520002222F /* AppDelegate.swift in Sources */,
			);
			runOnlyForDeploymentPostprocessing = 0;
		};
/* End PBXSourcesBuildPhase section */

/* Begin PBXVariantGroup section */
		6D7448131DB83B520002222F /* Main.storyboard */ = {
			isa = PBXVariantGroup;
			children = (
				6D7448141DB83B520002222F /* Base */,
			);
			name = Main.storyboard;
			sourceTree = "<group>";
		};
		6D7448181DB83B520002222F /* LaunchScreen.storyboard */ = {
			isa = PBXVariantGroup;
			children = (
				6D7448191DB83B520002222F /* Base */,
			);
			name = LaunchScreen.storyboard;
			sourceTree = "<group>";
		};
/* End PBXVariantGroup section */

/* Begin XCBuildConfiguration section */
		6D74481C1DB83B520002222F /* Debug */ = {
			isa = XCBuildConfiguration;
			buildSettings = {
				ALWAYS_SEARCH_USER_PATHS = NO;
				CLANG_ANALYZER_NONNULL = YES;
				CLANG_CXX_LANGUAGE_STANDARD = "gnu++0x";
				CLANG_CXX_LIBRARY = "libc++";
				CLANG_ENABLE_MODULES = YES;
				CLANG_ENABLE_OBJC_ARC = YES;
				CLANG_WARN_BOOL_CONVERSION = YES;
				CLANG_WARN_CONSTANT_CONVERSION = YES;
				CLANG_WARN_DIRECT_OBJC_ISA_USAGE = YES_ERROR;
				CLANG_WARN_DOCUMENTATION_COMMENTS = YES;
				CLANG_WARN_EMPTY_BODY = YES;
				CLANG_WARN_ENUM_CONVERSION = YES;
				CLANG_WARN_INFINITE_RECURSION = YES;
				CLANG_WARN_INT_CONVERSION = YES;
				CLANG_WARN_OBJC_ROOT_CLASS = YES_ERROR;
				CLANG_WARN_SUSPICIOUS_MOVES = YES;
				CLANG_WARN_UNREACHABLE_CODE = YES;
				CLANG_WARN__DUPLICATE_METHOD_MATCH = YES;
				"CODE_SIGN_IDENTITY[sdk=iphoneos*]" = "iPhone Developer";
				COPY_PHASE_STRIP = NO;
				DEBUG_INFORMATION_FORMAT = dwarf;
				ENABLE_STRICT_OBJC_MSGSEND = YES;
				ENABLE_TESTABILITY = YES;
				GCC_C_LANGUAGE_STANDARD = gnu99;
				GCC_DYNAMIC_NO_PIC = NO;
				GCC_NO_COMMON_BLOCKS = YES;
				GCC_OPTIMIZATION_LEVEL = 0;
				GCC_PREPROCESSOR_DEFINITIONS = (
					"DEBUG=1",
					"$(inherited)",
				);
				GCC_WARN_64_TO_32_BIT_CONVERSION = YES;
				GCC_WARN_ABOUT_RETURN_TYPE = YES_ERROR;
				GCC_WARN_UNDECLARED_SELECTOR = YES;
				GCC_WARN_UNINITIALIZED_AUTOS = YES_AGGRESSIVE;
				GCC_WARN_UNUSED_FUNCTION = YES;
				GCC_WARN_UNUSED_VARIABLE = YES;
				IPHONEOS_DEPLOYMENT_TARGET = 10.0;
				MTL_ENABLE_DEBUG_INFO = YES;
				ONLY_ACTIVE_ARCH = YES;
				SDKROOT = iphoneos;
				SWIFT_ACTIVE_COMPILATION_CONDITIONS = DEBUG;
				SWIFT_OPTIMIZATION_LEVEL = "-Onone";
			};
			name = Debug;
		};
		6D74481D1DB83B520002222F /* Release */ = {
			isa = XCBuildConfiguration;
			buildSettings = {
				ALWAYS_SEARCH_USER_PATHS = NO;
				CLANG_ANALYZER_NONNULL = YES;
				CLANG_CXX_LANGUAGE_STANDARD = "gnu++0x";
				CLANG_CXX_LIBRARY = "libc++";
				CLANG_ENABLE_MODULES = YES;
				CLANG_ENABLE_OBJC_ARC = YES;
				CLANG_WARN_BOOL_CONVERSION = YES;
				CLANG_WARN_CONSTANT_CONVERSION = YES;
				CLANG_WARN_DIRECT_OBJC_ISA_USAGE = YES_ERROR;
				CLANG_WARN_DOCUMENTATION_COMMENTS = YES;
				CLANG_WARN_EMPTY_BODY = YES;
				CLANG_WARN_ENUM_CONVERSION = YES;
				CLANG_WARN_INFINITE_RECURSION = YES;
				CLANG_WARN_INT_CONVERSION = YES;
				CLANG_WARN_OBJC_ROOT_CLASS = YES_ERROR;
				CLANG_WARN_SUSPICIOUS_MOVES = YES;
				CLANG_WARN_UNREACHABLE_CODE = YES;
				CLANG_WARN__DUPLICATE_METHOD_MATCH = YES;
				"CODE_SIGN_IDENTITY[sdk=iphoneos*]" = "iPhone Developer";
				COPY_PHASE_STRIP = NO;
				DEBUG_INFORMATION_FORMAT = "dwarf-with-dsym";
				ENABLE_NS_ASSERTIONS = NO;
				ENABLE_STRICT_OBJC_MSGSEND = YES;
				GCC_C_LANGUAGE_STANDARD = gnu99;
				GCC_NO_COMMON_BLOCKS = YES;
				GCC_WARN_64_TO_32_BIT_CONVERSION = YES;
				GCC_WARN_ABOUT_RETURN_TYPE = YES_ERROR;
				GCC_WARN_UNDECLARED_SELECTOR = YES;
				GCC_WARN_UNINITIALIZED_AUTOS = YES_AGGRESSIVE;
				GCC_WARN_UNUSED_FUNCTION = YES;
				GCC_WARN_UNUSED_VARIABLE = YES;
				IPHONEOS_DEPLOYMENT_TARGET = 10.0;
				MTL_ENABLE_DEBUG_INFO = NO;
				SDKROOT = iphoneos;
				SWIFT_OPTIMIZATION_LEVEL = "-Owholemodule";
				VALIDATE_PRODUCT = YES;
			};
			name = Release;
		};
		6D74481F1DB83B520002222F /* Debug */ = {
			isa = XCBuildConfiguration;
			buildSettings = {
				ASSETCATALOG_COMPILER_APPICON_NAME = AppIcon;
				DEVELOPMENT_TEAM = U4798HARBV;
				INFOPLIST_FILE = AlbumViewer/Info.plist;
				LD_RUNPATH_SEARCH_PATHS = "$(inherited) @executable_path/Frameworks";
				PRODUCT_BUNDLE_IDENTIFIER = com.beta.AlbumViewer;
				PRODUCT_NAME = "$(TARGET_NAME)";
				SWIFT_VERSION = 3.0;
			};
			name = Debug;
		};
		6D7448201DB83B520002222F /* Release */ = {
			isa = XCBuildConfiguration;
			buildSettings = {
				ASSETCATALOG_COMPILER_APPICON_NAME = AppIcon;
				DEVELOPMENT_TEAM = U4798HARBV;
				INFOPLIST_FILE = AlbumViewer/Info.plist;
				LD_RUNPATH_SEARCH_PATHS = "$(inherited) @executable_path/Frameworks";
				PRODUCT_BUNDLE_IDENTIFIER = com.beta.AlbumViewer;
				PRODUCT_NAME = "$(TARGET_NAME)";
				SWIFT_VERSION = 3.0;
			};
			name = Release;
		};
/* End XCBuildConfiguration section */

/* Begin XCConfigurationList section */
		6D7448071DB83B520002222F /* Build configuration list for PBXProject "AlbumViewer" */ = {
			isa = XCConfigurationList;
			buildConfigurations = (
				6D74481C1DB83B520002222F /* Debug */,
				6D74481D1DB83B520002222F /* Release */,
			);
			defaultConfigurationIsVisible = 0;
			defaultConfigurationName = Release;
		};
		6D74481E1DB83B520002222F /* Build configuration list for PBXNativeTarget "AlbumViewer" */ = {
			isa = XCConfigurationList;
			buildConfigurations = (
				6D74481F1DB83B520002222F /* Debug */,
				6D7448201DB83B520002222F /* Release */,
			);
			defaultConfigurationIsVisible = 0;
		};
/* End XCConfigurationList section */
	};
	rootObject = 6D7448041DB83B520002222F /* Project object */;
}
